// !$*UTF8*$!
{
	archiveVersion = 1;
	classes = {
	};
	objectVersion = 55;
	objects = {

/* Begin PBXBuildFile section */
		CCE06533289A16240033CF9F /* GamePikachuApp.swift in Sources */ = {isa = PBXBuildFile; fileRef = CCE06532289A16240033CF9F /* GamePikachuApp.swift */; };
		CCE06535289A16240033CF9F /* ContentView.swift in Sources */ = {isa = PBXBuildFile; fileRef = CCE06534289A16240033CF9F /* ContentView.swift */; };
		CCE06537289A16250033CF9F /* Assets.xcassets in Resources */ = {isa = PBXBuildFile; fileRef = CCE06536289A16250033CF9F /* Assets.xcassets */; };
		CCE0653A289A16250033CF9F /* Preview Assets.xcassets in Resources */ = {isa = PBXBuildFile; fileRef = CCE06539289A16250033CF9F /* Preview Assets.xcassets */; };
		CCE06544289A16250033CF9F /* GamePikachuTests.swift in Sources */ = {isa = PBXBuildFile; fileRef = CCE06543289A16250033CF9F /* GamePikachuTests.swift */; };
		CCE0654E289A16250033CF9F /* GamePikachuUITests.swift in Sources */ = {isa = PBXBuildFile; fileRef = CCE0654D289A16250033CF9F /* GamePikachuUITests.swift */; };
		CCE06550289A16250033CF9F /* GamePikachuUITestsLaunchTests.swift in Sources */ = {isa = PBXBuildFile; fileRef = CCE0654F289A16250033CF9F /* GamePikachuUITestsLaunchTests.swift */; };
/* End PBXBuildFile section */

/* Begin PBXContainerItemProxy section */
		CCE06540289A16250033CF9F /* PBXContainerItemProxy */ = {
			isa = PBXContainerItemProxy;
			containerPortal = CCE06527289A16240033CF9F /* Project object */;
			proxyType = 1;
			remoteGlobalIDString = CCE0652E289A16240033CF9F;
			remoteInfo = GamePikachu;
		};
		CCE0654A289A16250033CF9F /* PBXContainerItemProxy */ = {
			isa = PBXContainerItemProxy;
			containerPortal = CCE06527289A16240033CF9F /* Project object */;
			proxyType = 1;
			remoteGlobalIDString = CCE0652E289A16240033CF9F;
			remoteInfo = GamePikachu;
		};
/* End PBXContainerItemProxy section */

/* Begin PBXFileReference section */
		CCE0652F289A16240033CF9F /* GamePikachu.app */ = {isa = PBXFileReference; explicitFileType = wrapper.application; includeInIndex = 0; path = GamePikachu.app; sourceTree = BUILT_PRODUCTS_DIR; };
		CCE06532289A16240033CF9F /* GamePikachuApp.swift */ = {isa = PBXFileReference; lastKnownFileType = sourcecode.swift; path = GamePikachuApp.swift; sourceTree = "<group>"; };
		CCE06534289A16240033CF9F /* ContentView.swift */ = {isa = PBXFileReference; lastKnownFileType = sourcecode.swift; path = ContentView.swift; sourceTree = "<group>"; };
		CCE06536289A16250033CF9F /* Assets.xcassets */ = {isa = PBXFileReference; lastKnownFileType = folder.assetcatalog; path = Assets.xcassets; sourceTree = "<group>"; };
		CCE06539289A16250033CF9F /* Preview Assets.xcassets */ = {isa = PBXFileReference; lastKnownFileType = folder.assetcatalog; path = "Preview Assets.xcassets"; sourceTree = "<group>"; };
		CCE0653F289A16250033CF9F /* GamePikachuTests.xctest */ = {isa = PBXFileReference; explicitFileType = wrapper.cfbundle; includeInIndex = 0; path = GamePikachuTests.xctest; sourceTree = BUILT_PRODUCTS_DIR; };
		CCE06543289A16250033CF9F /* GamePikachuTests.swift */ = {isa = PBXFileReference; lastKnownFileType = sourcecode.swift; path = GamePikachuTests.swift; sourceTree = "<group>"; };
		CCE06549289A16250033CF9F /* GamePikachuUITests.xctest */ = {isa = PBXFileReference; explicitFileType = wrapper.cfbundle; includeInIndex = 0; path = GamePikachuUITests.xctest; sourceTree = BUILT_PRODUCTS_DIR; };
		CCE0654D289A16250033CF9F /* GamePikachuUITests.swift */ = {isa = PBXFileReference; lastKnownFileType = sourcecode.swift; path = GamePikachuUITests.swift; sourceTree = "<group>"; };
		CCE0654F289A16250033CF9F /* GamePikachuUITestsLaunchTests.swift */ = {isa = PBXFileReference; lastKnownFileType = sourcecode.swift; path = GamePikachuUITestsLaunchTests.swift; sourceTree = "<group>"; };
/* End PBXFileReference section */

/* Begin PBXFrameworksBuildPhase section */
		CCE0652C289A16240033CF9F /* Frameworks */ = {
			isa = PBXFrameworksBuildPhase;
			buildActionMask = 2147483647;
			files = (
			);
			runOnlyForDeploymentPostprocessing = 0;
		};
		CCE0653C289A16250033CF9F /* Frameworks */ = {
			isa = PBXFrameworksBuildPhase;
			buildActionMask = 2147483647;
			files = (
			);
			runOnlyForDeploymentPostprocessing = 0;
		};
		CCE06546289A16250033CF9F /* Frameworks */ = {
			isa = PBXFrameworksBuildPhase;
			buildActionMask = 2147483647;
			files = (
			);
			runOnlyForDeploymentPostprocessing = 0;
		};
/* End PBXFrameworksBuildPhase section */

/* Begin PBXGroup section */
		CCE06526289A16240033CF9F = {
			isa = PBXGroup;
			children = (
				CCE06531289A16240033CF9F /* GamePikachu */,
				CCE06542289A16250033CF9F /* GamePikachuTests */,
				CCE0654C289A16250033CF9F /* GamePikachuUITests */,
				CCE06530289A16240033CF9F /* Products */,
			);
			sourceTree = "<group>";
		};
		CCE06530289A16240033CF9F /* Products */ = {
			isa = PBXGroup;
			children = (
				CCE0652F289A16240033CF9F /* GamePikachu.app */,
				CCE0653F289A16250033CF9F /* GamePikachuTests.xctest */,
				CCE06549289A16250033CF9F /* GamePikachuUITests.xctest */,
			);
			name = Products;
			sourceTree = "<group>";
		};
		CCE06531289A16240033CF9F /* GamePikachu */ = {
			isa = PBXGroup;
			children = (
				CCE06532289A16240033CF9F /* GamePikachuApp.swift */,
				CCE06534289A16240033CF9F /* ContentView.swift */,
				CCE06536289A16250033CF9F /* Assets.xcassets */,
				CCE06538289A16250033CF9F /* Preview Content */,
			);
			path = GamePikachu;
			sourceTree = "<group>";
		};
		CCE06538289A16250033CF9F /* Preview Content */ = {
			isa = PBXGroup;
			children = (
				CCE06539289A16250033CF9F /* Preview Assets.xcassets */,
			);
			path = "Preview Content";
			sourceTree = "<group>";
		};
		CCE06542289A16250033CF9F /* GamePikachuTests */ = {
			isa = PBXGroup;
			children = (
				CCE06543289A16250033CF9F /* GamePikachuTests.swift */,
			);
			path = GamePikachuTests;
			sourceTree = "<group>";
		};
		CCE0654C289A16250033CF9F /* GamePikachuUITests */ = {
			isa = PBXGroup;
			children = (
				CCE0654D289A16250033CF9F /* GamePikachuUITests.swift */,
				CCE0654F289A16250033CF9F /* GamePikachuUITestsLaunchTests.swift */,
			);
			path = GamePikachuUITests;
			sourceTree = "<group>";
		};
/* End PBXGroup section */

/* Begin PBXNativeTarget section */
		CCE0652E289A16240033CF9F /* GamePikachu */ = {
			isa = PBXNativeTarget;
			buildConfigurationList = CCE06553289A16250033CF9F /* Build configuration list for PBXNativeTarget "GamePikachu" */;
			buildPhases = (
				CCE0652B289A16240033CF9F /* Sources */,
				CCE0652C289A16240033CF9F /* Frameworks */,
				CCE0652D289A16240033CF9F /* Resources */,
			);
			buildRules = (
			);
			dependencies = (
			);
			name = GamePikachu;
			productName = GamePikachu;
			productReference = CCE0652F289A16240033CF9F /* GamePikachu.app */;
			productType = "com.apple.product-type.application";
		};
		CCE0653E289A16250033CF9F /* GamePikachuTests */ = {
			isa = PBXNativeTarget;
			buildConfigurationList = CCE06556289A16250033CF9F /* Build configuration list for PBXNativeTarget "GamePikachuTests" */;
			buildPhases = (
				CCE0653B289A16250033CF9F /* Sources */,
				CCE0653C289A16250033CF9F /* Frameworks */,
				CCE0653D289A16250033CF9F /* Resources */,
			);
			buildRules = (
			);
			dependencies = (
				CCE06541289A16250033CF9F /* PBXTargetDependency */,
			);
			name = GamePikachuTests;
			productName = GamePikachuTests;
			productReference = CCE0653F289A16250033CF9F /* GamePikachuTests.xctest */;
			productType = "com.apple.product-type.bundle.unit-test";
		};
		CCE06548289A16250033CF9F /* GamePikachuUITests */ = {
			isa = PBXNativeTarget;
			buildConfigurationList = CCE06559289A16250033CF9F /* Build configuration list for PBXNativeTarget "GamePikachuUITests" */;
			buildPhases = (
				CCE06545289A16250033CF9F /* Sources */,
				CCE06546289A16250033CF9F /* Frameworks */,
				CCE06547289A16250033CF9F /* Resources */,
			);
			buildRules = (
			);
			dependencies = (
				CCE0654B289A16250033CF9F /* PBXTargetDependency */,
			);
			name = GamePikachuUITests;
			productName = GamePikachuUITests;
			productReference = CCE06549289A16250033CF9F /* GamePikachuUITests.xctest */;
			productType = "com.apple.product-type.bundle.ui-testing";
		};
/* End PBXNativeTarget section */

/* Begin PBXProject section */
		CCE06527289A16240033CF9F /* Project object */ = {
			isa = PBXProject;
			attributes = {
				BuildIndependentTargetsInParallel = 1;
				LastSwiftUpdateCheck = 1340;
				LastUpgradeCheck = 1340;
				TargetAttributes = {
					CCE0652E289A16240033CF9F = {
						CreatedOnToolsVersion = 13.4.1;
					};
					CCE0653E289A16250033CF9F = {
						CreatedOnToolsVersion = 13.4.1;
						TestTargetID = CCE0652E289A16240033CF9F;
					};
					CCE06548289A16250033CF9F = {
						CreatedOnToolsVersion = 13.4.1;
						TestTargetID = CCE0652E289A16240033CF9F;
					};
				};
			};
			buildConfigurationList = CCE0652A289A16240033CF9F /* Build configuration list for PBXProject "GamePikachu" */;
			compatibilityVersion = "Xcode 13.0";
			developmentRegion = en;
			hasScannedForEncodings = 0;
			knownRegions = (
				en,
				Base,
			);
			mainGroup = CCE06526289A16240033CF9F;
			productRefGroup = CCE06530289A16240033CF9F /* Products */;
			projectDirPath = "";
			projectRoot = "";
			targets = (
				CCE0652E289A16240033CF9F /* GamePikachu */,
				CCE0653E289A16250033CF9F /* GamePikachuTests */,
				CCE06548289A16250033CF9F /* GamePikachuUITests */,
			);
		};
/* End PBXProject section */

/* Begin PBXResourcesBuildPhase section */
		CCE0652D289A16240033CF9F /* Resources */ = {
			isa = PBXResourcesBuildPhase;
			buildActionMask = 2147483647;
			files = (
				CCE0653A289A16250033CF9F /* Preview Assets.xcassets in Resources */,
				CCE06537289A16250033CF9F /* Assets.xcassets in Resources */,
			);
			runOnlyForDeploymentPostprocessing = 0;
		};
		CCE0653D289A16250033CF9F /* Resources */ = {
			isa = PBXResourcesBuildPhase;
			buildActionMask = 2147483647;
			files = (
			);
			runOnlyForDeploymentPostprocessing = 0;
		};
		CCE06547289A16250033CF9F /* Resources */ = {
			isa = PBXResourcesBuildPhase;
			buildActionMask = 2147483647;
			files = (
			);
			runOnlyForDeploymentPostprocessing = 0;
		};
/* End PBXResourcesBuildPhase section */

/* Begin PBXSourcesBuildPhase section */
		CCE0652B289A16240033CF9F /* Sources */ = {
			isa = PBXSourcesBuildPhase;
			buildActionMask = 2147483647;
			files = (
				CCE06535289A16240033CF9F /* ContentView.swift in Sources */,
				CCE06533289A16240033CF9F /* GamePikachuApp.swift in Sources */,
			);
			runOnlyForDeploymentPostprocessing = 0;
		};
		CCE0653B289A16250033CF9F /* Sources */ = {
			isa = PBXSourcesBuildPhase;
			buildActionMask = 2147483647;
			files = (
				CCE06544289A16250033CF9F /* GamePikachuTests.swift in Sources */,
			);
			runOnlyForDeploymentPostprocessing = 0;
		};
		CCE06545289A16250033CF9F /* Sources */ = {
			isa = PBXSourcesBuildPhase;
			buildActionMask = 2147483647;
			files = (
				CCE06550289A16250033CF9F /* GamePikachuUITestsLaunchTests.swift in Sources */,
				CCE0654E289A16250033CF9F /* GamePikachuUITests.swift in Sources */,
			);
			runOnlyForDeploymentPostprocessing = 0;
		};
/* End PBXSourcesBuildPhase section */

/* Begin PBXTargetDependency section */
		CCE06541289A16250033CF9F /* PBXTargetDependency */ = {
			isa = PBXTargetDependency;
			target = CCE0652E289A16240033CF9F /* GamePikachu */;
			targetProxy = CCE06540289A16250033CF9F /* PBXContainerItemProxy */;
		};
		CCE0654B289A16250033CF9F /* PBXTargetDependency */ = {
			isa = PBXTargetDependency;
			target = CCE0652E289A16240033CF9F /* GamePikachu */;
			targetProxy = CCE0654A289A16250033CF9F /* PBXContainerItemProxy */;
		};
/* End PBXTargetDependency section */

/* Begin XCBuildConfiguration section */
		CCE06551289A16250033CF9F /* Debug */ = {
			isa = XCBuildConfiguration;
			buildSettings = {
				ALWAYS_SEARCH_USER_PATHS = NO;
				CLANG_ANALYZER_NONNULL = YES;
				CLANG_ANALYZER_NUMBER_OBJECT_CONVERSION = YES_AGGRESSIVE;
				CLANG_CXX_LANGUAGE_STANDARD = "gnu++17";
				CLANG_ENABLE_MODULES = YES;
				CLANG_ENABLE_OBJC_ARC = YES;
				CLANG_ENABLE_OBJC_WEAK = YES;
				CLANG_WARN_BLOCK_CAPTURE_AUTORELEASING = YES;
				CLANG_WARN_BOOL_CONVERSION = YES;
				CLANG_WARN_COMMA = YES;
				CLANG_WARN_CONSTANT_CONVERSION = YES;
				CLANG_WARN_DEPRECATED_OBJC_IMPLEMENTATIONS = YES;
				CLANG_WARN_DIRECT_OBJC_ISA_USAGE = YES_ERROR;
				CLANG_WARN_DOCUMENTATION_COMMENTS = YES;
				CLANG_WARN_EMPTY_BODY = YES;
				CLANG_WARN_ENUM_CONVERSION = YES;
				CLANG_WARN_INFINITE_RECURSION = YES;
				CLANG_WARN_INT_CONVERSION = YES;
				CLANG_WARN_NON_LITERAL_NULL_CONVERSION = YES;
				CLANG_WARN_OBJC_IMPLICIT_RETAIN_SELF = YES;
				CLANG_WARN_OBJC_LITERAL_CONVERSION = YES;
				CLANG_WARN_OBJC_ROOT_CLASS = YES_ERROR;
				CLANG_WARN_QUOTED_INCLUDE_IN_FRAMEWORK_HEADER = YES;
				CLANG_WARN_RANGE_LOOP_ANALYSIS = YES;
				CLANG_WARN_STRICT_PROTOTYPES = YES;
				CLANG_WARN_SUSPICIOUS_MOVE = YES;
				CLANG_WARN_UNGUARDED_AVAILABILITY = YES_AGGRESSIVE;
				CLANG_WARN_UNREACHABLE_CODE = YES;
				CLANG_WARN__DUPLICATE_METHOD_MATCH = YES;
				COPY_PHASE_STRIP = NO;
				DEBUG_INFORMATION_FORMAT = dwarf;
				ENABLE_STRICT_OBJC_MSGSEND = YES;
				ENABLE_TESTABILITY = YES;
				GCC_C_LANGUAGE_STANDARD = gnu11;
				GCC_DYNAMIC_NO_PIC = NO;
				GCC_NO_COMMON_BLOCKS = YES;
				GCC_OPTIMIZATION_LEVEL = 0;
				GCC_PREPROCESSOR_DEFINITIONS = (
					"DEBUG=1",
					"$(inherited)",
				);
				GCC_WARN_64_TO_32_BIT_CONVERSION = YES;
				GCC_WARN_ABOUT_RETURN_TYPE = YES_ERROR;
				GCC_WARN_UNDECLARED_SELECTOR = YES;
				GCC_WARN_UNINITIALIZED_AUTOS = YES_AGGRESSIVE;
				GCC_WARN_UNUSED_FUNCTION = YES;
				GCC_WARN_UNUSED_VARIABLE = YES;
				IPHONEOS_DEPLOYMENT_TARGET = 15.5;
				MTL_ENABLE_DEBUG_INFO = INCLUDE_SOURCE;
				MTL_FAST_MATH = YES;
				ONLY_ACTIVE_ARCH = YES;
				SDKROOT = iphoneos;
				SWIFT_ACTIVE_COMPILATION_CONDITIONS = DEBUG;
				SWIFT_OPTIMIZATION_LEVEL = "-Onone";
			};
			name = Debug;
		};
		CCE06552289A16250033CF9F /* Release */ = {
			isa = XCBuildConfiguration;
			buildSettings = {
				ALWAYS_SEARCH_USER_PATHS = NO;
				CLANG_ANALYZER_NONNULL = YES;
				CLANG_ANALYZER_NUMBER_OBJECT_CONVERSION = YES_AGGRESSIVE;
				CLANG_CXX_LANGUAGE_STANDARD = "gnu++17";
				CLANG_ENABLE_MODULES = YES;
				CLANG_ENABLE_OBJC_ARC = YES;
				CLANG_ENABLE_OBJC_WEAK = YES;
				CLANG_WARN_BLOCK_CAPTURE_AUTORELEASING = YES;
				CLANG_WARN_BOOL_CONVERSION = YES;
				CLANG_WARN_COMMA = YES;
				CLANG_WARN_CONSTANT_CONVERSION = YES;
				CLANG_WARN_DEPRECATED_OBJC_IMPLEMENTATIONS = YES;
				CLANG_WARN_DIRECT_OBJC_ISA_USAGE = YES_ERROR;
				CLANG_WARN_DOCUMENTATION_COMMENTS = YES;
				CLANG_WARN_EMPTY_BODY = YES;
				CLANG_WARN_ENUM_CONVERSION = YES;
				CLANG_WARN_INFINITE_RECURSION = YES;
				CLANG_WARN_INT_CONVERSION = YES;
				CLANG_WARN_NON_LITERAL_NULL_CONVERSION = YES;
				CLANG_WARN_OBJC_IMPLICIT_RETAIN_SELF = YES;
				CLANG_WARN_OBJC_LITERAL_CONVERSION = YES;
				CLANG_WARN_OBJC_ROOT_CLASS = YES_ERROR;
				CLANG_WARN_QUOTED_INCLUDE_IN_FRAMEWORK_HEADER = YES;
				CLANG_WARN_RANGE_LOOP_ANALYSIS = YES;
				CLANG_WARN_STRICT_PROTOTYPES = YES;
				CLANG_WARN_SUSPICIOUS_MOVE = YES;
				CLANG_WARN_UNGUARDED_AVAILABILITY = YES_AGGRESSIVE;
				CLANG_WARN_UNREACHABLE_CODE = YES;
				CLANG_WARN__DUPLICATE_METHOD_MATCH = YES;
				COPY_PHASE_STRIP = NO;
				DEBUG_INFORMATION_FORMAT = "dwarf-with-dsym";
				ENABLE_NS_ASSERTIONS = NO;
				ENABLE_STRICT_OBJC_MSGSEND = YES;
				GCC_C_LANGUAGE_STANDARD = gnu11;
				GCC_NO_COMMON_BLOCKS = YES;
				GCC_WARN_64_TO_32_BIT_CONVERSION = YES;
				GCC_WARN_ABOUT_RETURN_TYPE = YES_ERROR;
				GCC_WARN_UNDECLARED_SELECTOR = YES;
				GCC_WARN_UNINITIALIZED_AUTOS = YES_AGGRESSIVE;
				GCC_WARN_UNUSED_FUNCTION = YES;
				GCC_WARN_UNUSED_VARIABLE = YES;
				IPHONEOS_DEPLOYMENT_TARGET = 15.5;
				MTL_ENABLE_DEBUG_INFO = NO;
				MTL_FAST_MATH = YES;
				SDKROOT = iphoneos;
				SWIFT_COMPILATION_MODE = wholemodule;
				SWIFT_OPTIMIZATION_LEVEL = "-O";
				VALIDATE_PRODUCT = YES;
			};
			name = Release;
		};
		CCE06554289A16250033CF9F /* Debug */ = {
			isa = XCBuildConfiguration;
			buildSettings = {
				ASSETCATALOG_COMPILER_APPICON_NAME = AppIcon;
				ASSETCATALOG_COMPILER_GLOBAL_ACCENT_COLOR_NAME = AccentColor;
				CODE_SIGN_STYLE = Automatic;
				CURRENT_PROJECT_VERSION = 1;
				DEVELOPMENT_ASSET_PATHS = "\"GamePikachu/Preview Content\"";
				ENABLE_PREVIEWS = YES;
				GENERATE_INFOPLIST_FILE = YES;
				INFOPLIST_KEY_UIApplicationSceneManifest_Generation = YES;
				INFOPLIST_KEY_UIApplicationSupportsIndirectInputEvents = YES;
				INFOPLIST_KEY_UILaunchScreen_Generation = YES;
				INFOPLIST_KEY_UISupportedInterfaceOrientations_iPad = "UIInterfaceOrientationPortrait UIInterfaceOrientationPortraitUpsideDown UIInterfaceOrientationLandscapeLeft UIInterfaceOrientationLandscapeRight";
				INFOPLIST_KEY_UISupportedInterfaceOrientations_iPhone = "UIInterfaceOrientationPortrait UIInterfaceOrientationLandscapeLeft UIInterfaceOrientationLandscapeRight";
				LD_RUNPATH_SEARCH_PATHS = (
					"$(inherited)",
					"@executable_path/Frameworks",
				);
				MARKETING_VERSION = 1.0;
				PRODUCT_BUNDLE_IDENTIFIER = rmit.edu.vn.chicken.GamePikachu;
				PRODUCT_NAME = "$(TARGET_NAME)";
				SWIFT_EMIT_LOC_STRINGS = YES;
				SWIFT_VERSION = 5.0;
				TARGETED_DEVICE_FAMILY = "1,2";
			};
			name = Debug;
		};
		CCE06555289A16250033CF9F /* Release */ = {
			isa = XCBuildConfiguration;
			buildSettings = {
				ASSETCATALOG_COMPILER_APPICON_NAME = AppIcon;
				ASSETCATALOG_COMPILER_GLOBAL_ACCENT_COLOR_NAME = AccentColor;
				CODE_SIGN_STYLE = Automatic;
				CURRENT_PROJECT_VERSION = 1;
				DEVELOPMENT_ASSET_PATHS = "\"GamePikachu/Preview Content\"";
				ENABLE_PREVIEWS = YES;
				GENERATE_INFOPLIST_FILE = YES;
				INFOPLIST_KEY_UIApplicationSceneManifest_Generation = YES;
				INFOPLIST_KEY_UIApplicationSupportsIndirectInputEvents = YES;
				INFOPLIST_KEY_UILaunchScreen_Generation = YES;
				INFOPLIST_KEY_UISupportedInterfaceOrientations_iPad = "UIInterfaceOrientationPortrait UIInterfaceOrientationPortraitUpsideDown UIInterfaceOrientationLandscapeLeft UIInterfaceOrientationLandscapeRight";
				INFOPLIST_KEY_UISupportedInterfaceOrientations_iPhone = "UIInterfaceOrientationPortrait UIInterfaceOrientationLandscapeLeft UIInterfaceOrientationLandscapeRight";
				LD_RUNPATH_SEARCH_PATHS = (
					"$(inherited)",
					"@executable_path/Frameworks",
				);
				MARKETING_VERSION = 1.0;
				PRODUCT_BUNDLE_IDENTIFIER = rmit.edu.vn.chicken.GamePikachu;
				PRODUCT_NAME = "$(TARGET_NAME)";
				SWIFT_EMIT_LOC_STRINGS = YES;
				SWIFT_VERSION = 5.0;
				TARGETED_DEVICE_FAMILY = "1,2";
			};
			name = Release;
		};
		CCE06557289A16250033CF9F /* Debug */ = {
			isa = XCBuildConfiguration;
			buildSettings = {
				ALWAYS_EMBED_SWIFT_STANDARD_LIBRARIES = YES;
				BUNDLE_LOADER = "$(TEST_HOST)";
				CODE_SIGN_STYLE = Automatic;
				CURRENT_PROJECT_VERSION = 1;
				GENERATE_INFOPLIST_FILE = YES;
				IPHONEOS_DEPLOYMENT_TARGET = 15.5;
				MARKETING_VERSION = 1.0;
				PRODUCT_BUNDLE_IDENTIFIER = rmit.edu.vn.chicken.GamePikachuTests;
				PRODUCT_NAME = "$(TARGET_NAME)";
				SWIFT_EMIT_LOC_STRINGS = NO;
				SWIFT_VERSION = 5.0;
				TARGETED_DEVICE_FAMILY = "1,2";
				TEST_HOST = "$(BUILT_PRODUCTS_DIR)/GamePikachu.app/GamePikachu";
			};
			name = Debug;
		};
		CCE06558289A16250033CF9F /* Release */ = {
			isa = XCBuildConfiguration;
			buildSettings = {
				ALWAYS_EMBED_SWIFT_STANDARD_LIBRARIES = YES;
				BUNDLE_LOADER = "$(TEST_HOST)";
				CODE_SIGN_STYLE = Automatic;
				CURRENT_PROJECT_VERSION = 1;
				GENERATE_INFOPLIST_FILE = YES;
				IPHONEOS_DEPLOYMENT_TARGET = 15.5;
				MARKETING_VERSION = 1.0;
				PRODUCT_BUNDLE_IDENTIFIER = rmit.edu.vn.chicken.GamePikachuTests;
				PRODUCT_NAME = "$(TARGET_NAME)";
				SWIFT_EMIT_LOC_STRINGS = NO;
				SWIFT_VERSION = 5.0;
				TARGETED_DEVICE_FAMILY = "1,2";
				TEST_HOST = "$(BUILT_PRODUCTS_DIR)/GamePikachu.app/GamePikachu";
			};
			name = Release;
		};
		CCE0655A289A16250033CF9F /* Debug */ = {
			isa = XCBuildConfiguration;
			buildSettings = {
				ALWAYS_EMBED_SWIFT_STANDARD_LIBRARIES = YES;
				CODE_SIGN_STYLE = Automatic;
				CURRENT_PROJECT_VERSION = 1;
				GENERATE_INFOPLIST_FILE = YES;
				MARKETING_VERSION = 1.0;
				PRODUCT_BUNDLE_IDENTIFIER = rmit.edu.vn.chicken.GamePikachuUITests;
				PRODUCT_NAME = "$(TARGET_NAME)";
				SWIFT_EMIT_LOC_STRINGS = NO;
				SWIFT_VERSION = 5.0;
				TARGETED_DEVICE_FAMILY = "1,2";
				TEST_TARGET_NAME = GamePikachu;
			};
			name = Debug;
		};
		CCE0655B289A16250033CF9F /* Release */ = {
			isa = XCBuildConfiguration;
			buildSettings = {
				ALWAYS_EMBED_SWIFT_STANDARD_LIBRARIES = YES;
				CODE_SIGN_STYLE = Automatic;
				CURRENT_PROJECT_VERSION = 1;
				GENERATE_INFOPLIST_FILE = YES;
				MARKETING_VERSION = 1.0;
				PRODUCT_BUNDLE_IDENTIFIER = rmit.edu.vn.chicken.GamePikachuUITests;
				PRODUCT_NAME = "$(TARGET_NAME)";
				SWIFT_EMIT_LOC_STRINGS = NO;
				SWIFT_VERSION = 5.0;
				TARGETED_DEVICE_FAMILY = "1,2";
				TEST_TARGET_NAME = GamePikachu;
			};
			name = Release;
		};
/* End XCBuildConfiguration section */

/* Begin XCConfigurationList section */
		CCE0652A289A16240033CF9F /* Build configuration list for PBXProject "GamePikachu" */ = {
			isa = XCConfigurationList;
			buildConfigurations = (
				CCE06551289A16250033CF9F /* Debug */,
				CCE06552289A16250033CF9F /* Release */,
			);
			defaultConfigurationIsVisible = 0;
			defaultConfigurationName = Release;
		};
		CCE06553289A16250033CF9F /* Build configuration list for PBXNativeTarget "GamePikachu" */ = {
			isa = XCConfigurationList;
			buildConfigurations = (
				CCE06554289A16250033CF9F /* Debug */,
				CCE06555289A16250033CF9F /* Release */,
			);
			defaultConfigurationIsVisible = 0;
			defaultConfigurationName = Release;
		};
		CCE06556289A16250033CF9F /* Build configuration list for PBXNativeTarget "GamePikachuTests" */ = {
			isa = XCConfigurationList;
			buildConfigurations = (
				CCE06557289A16250033CF9F /* Debug */,
				CCE06558289A16250033CF9F /* Release */,
			);
			defaultConfigurationIsVisible = 0;
			defaultConfigurationName = Release;
		};
		CCE06559289A16250033CF9F /* Build configuration list for PBXNativeTarget "GamePikachuUITests" */ = {
			isa = XCConfigurationList;
			buildConfigurations = (
				CCE0655A289A16250033CF9F /* Debug */,
				CCE0655B289A16250033CF9F /* Release */,
			);
			defaultConfigurationIsVisible = 0;
			defaultConfigurationName = Release;
		};
/* End XCConfigurationList section */
	};
	rootObject = CCE06527289A16240033CF9F /* Project object */;
}
